
Microsoft Visual Studio Solution File, Format Version 12.00
# Visual Studio 15
VisualStudioVersion = 15.0.27130.2010
MinimumVisualStudioVersion = 10.0.40219.1
Project("{FAE04EC0-301F-11D3-BF4B-00C04F79EFBC}") = "URL Screen Saver", "URL Screen Saver\URL Screen Saver.csproj", "{A312925D-3C80-4CE2-BC14-4B6191F49564}"
EndProject
Global
	GlobalSection(SolutionConfigurationPlatforms) = preSolution
		Debug|Any CPU = Debug|Any CPU
		Release|Any CPU = Release|Any CPU
	EndGlobalSection
	GlobalSection(ProjectConfigurationPlatforms) = postSolution
		{A312925D-3C80-4CE2-BC14-4B6191F49564}.Debug|Any CPU.ActiveCfg = Debug|Any CPU
		{A312925D-3C80-4CE2-BC14-4B6191F49564}.Debug|Any CPU.Build.0 = Debug|Any CPU
		{A312925D-3C80-4CE2-BC14-4B6191F49564}.Release|Any CPU.ActiveCfg = Release|Any CPU
		{A312925D-3C80-4CE2-BC14-4B6191F49564}.Release|Any CPU.Build.0 = Release|Any CPU
	EndGlobalSection
	GlobalSection(SolutionProperties) = preSolution
		HideSolutionNode = FALSE
	EndGlobalSection
	GlobalSection(ExtensibilityGlobals) = postSolution
		SolutionGuid = {2FEF3D18-206F-4C25-8BDA-F9BE602AE3EC}
	EndGlobalSection
EndGlobal
